
Microsoft Visual Studio Solution File, Format Version 12.00
# Visual Studio Version 16
VisualStudioVersion = 16.0.29709.97
MinimumVisualStudioVersion = 10.0.40219.1
Project("{FAE04EC0-301F-11D3-BF4B-00C04F79EFBC}") = "NaoMisture", "NaoMisture\NaoMisture.csproj", "{36123044-AC42-4B62-B50E-A196C9B969BA}"
EndProject
Global
	GlobalSection(SolutionConfigurationPlatforms) = preSolution
		Debug|Any CPU = Debug|Any CPU
		Release|Any CPU = Release|Any CPU
	EndGlobalSection
	GlobalSection(ProjectConfigurationPlatforms) = postSolution
		{36123044-AC42-4B62-B50E-A196C9B969BA}.Debug|Any CPU.ActiveCfg = Debug|Any CPU
		{36123044-AC42-4B62-B50E-A196C9B969BA}.Debug|Any CPU.Build.0 = Debug|Any CPU
		{36123044-AC42-4B62-B50E-A196C9B969BA}.Release|Any CPU.ActiveCfg = Release|Any CPU
		{36123044-AC42-4B62-B50E-A196C9B969BA}.Release|Any CPU.Build.0 = Release|Any CPU
	EndGlobalSection
	GlobalSection(SolutionProperties) = preSolution
		HideSolutionNode = FALSE
	EndGlobalSection
	GlobalSection(ExtensibilityGlobals) = postSolution
		SolutionGuid = {074115A3-E795-499B-A932-680D0E9FDD0C}
	EndGlobalSection
EndGlobal
